Microsoft Visual Studio Solution File, Format Version 11.00
# Visual Studio 2008

Project("{10F9B37C-1D31-75BD-622D-48CC44A296BA}") = "Crazynstein", "Assembly-CSharp.csproj", "{188E17D0-C7F1-BBB4-C1D7-222472B7E620}"
EndProject
Global
	GlobalSection(SolutionConfigurationPlatforms) = preSolution
		Debug|Any CPU = Debug|Any CPU
		Release|Any CPU = Release|Any CPU
	EndGlobalSection
	GlobalSection(ProjectConfigurationPlatforms) = postSolution
		{188E17D0-C7F1-BBB4-C1D7-222472B7E620}.Debug|Any CPU.ActiveCfg = Debug|Any CPU
		{188E17D0-C7F1-BBB4-C1D7-222472B7E620}.Debug|Any CPU.Build.0 = Debug|Any CPU
		{188E17D0-C7F1-BBB4-C1D7-222472B7E620}.Release|Any CPU.ActiveCfg = Release|Any CPU
		{188E17D0-C7F1-BBB4-C1D7-222472B7E620}.Release|Any CPU.Build.0 = Release|Any CPU
	EndGlobalSection
	GlobalSection(SolutionProperties) = preSolution
		HideSolutionNode = FALSE
	EndGlobalSection
												GlobalSection(MonoDevelopProperties) = preSolution
		StartupItem = Assembly-CSharp.csproj
		Policies = $0
		$0.TextStylePolicy = $1
		$1.inheritsSet = null
		$1.scope = text/x-csharp
		$0.CSharpFormattingPolicy = $2
		$2.inheritsSet = Mono
		$2.inheritsScope = text/x-csharp
		$2.scope = text/x-csharp
		$0.TextStylePolicy = $3
		$3.FileWidth = 120
		$3.TabWidth = 4
		$3.IndentWidth = 4
		$3.EolMarker = Unix
		$3.inheritsSet = Mono
		$3.inheritsScope = text/plain
		$3.scope = text/plain
	EndGlobalSection
EndGlobal
